
Microsoft Visual Studio Solution File, Format Version 12.00
# Visual Studio Version 16
VisualStudioVersion = 16.0.31019.35
MinimumVisualStudioVersion = 10.0.40219.1
Project("{FAE04EC0-301F-11D3-BF4B-00C04F79EFBC}") = "UI", "MeetingShedulerUI\UI.csproj", "{0FE9D49A-DEF0-4FEC-9DC7-4D698562F3E1}"
EndProject
Project("{FAE04EC0-301F-11D3-BF4B-00C04F79EFBC}") = "DataLayer", "DataLayer\DataLayer.csproj", "{7183B739-44E4-4092-837E-BBB8C233835B}"
EndProject
Project("{FAE04EC0-301F-11D3-BF4B-00C04F79EFBC}") = "DataService", "DataService\DataService.csproj", "{0D844833-94B4-49EE-97F4-339C7BCC1560}"
EndProject
Project("{FAE04EC0-301F-11D3-BF4B-00C04F79EFBC}") = "Logger", "Logger\Logger.csproj", "{37850AB3-AD1D-4B8E-BFA3-2E0FBAD5E28B}"
EndProject
Global
	GlobalSection(SolutionConfigurationPlatforms) = preSolution
		Debug|Any CPU = Debug|Any CPU
		Release|Any CPU = Release|Any CPU
	EndGlobalSection
	GlobalSection(ProjectConfigurationPlatforms) = postSolution
		{0FE9D49A-DEF0-4FEC-9DC7-4D698562F3E1}.Debug|Any CPU.ActiveCfg = Debug|Any CPU
		{0FE9D49A-DEF0-4FEC-9DC7-4D698562F3E1}.Debug|Any CPU.Build.0 = Debug|Any CPU
		{0FE9D49A-DEF0-4FEC-9DC7-4D698562F3E1}.Release|Any CPU.ActiveCfg = Release|Any CPU
		{0FE9D49A-DEF0-4FEC-9DC7-4D698562F3E1}.Release|Any CPU.Build.0 = Release|Any CPU
		{7183B739-44E4-4092-837E-BBB8C233835B}.Debug|Any CPU.ActiveCfg = Debug|Any CPU
		{7183B739-44E4-4092-837E-BBB8C233835B}.Debug|Any CPU.Build.0 = Debug|Any CPU
		{7183B739-44E4-4092-837E-BBB8C233835B}.Release|Any CPU.ActiveCfg = Release|Any CPU
		{7183B739-44E4-4092-837E-BBB8C233835B}.Release|Any CPU.Build.0 = Release|Any CPU
		{0D844833-94B4-49EE-97F4-339C7BCC1560}.Debug|Any CPU.ActiveCfg = Debug|Any CPU
		{0D844833-94B4-49EE-97F4-339C7BCC1560}.Debug|Any CPU.Build.0 = Debug|Any CPU
		{0D844833-94B4-49EE-97F4-339C7BCC1560}.Release|Any CPU.ActiveCfg = Release|Any CPU
		{0D844833-94B4-49EE-97F4-339C7BCC1560}.Release|Any CPU.Build.0 = Release|Any CPU
		{37850AB3-AD1D-4B8E-BFA3-2E0FBAD5E28B}.Debug|Any CPU.ActiveCfg = Debug|Any CPU
		{37850AB3-AD1D-4B8E-BFA3-2E0FBAD5E28B}.Debug|Any CPU.Build.0 = Debug|Any CPU
		{37850AB3-AD1D-4B8E-BFA3-2E0FBAD5E28B}.Release|Any CPU.ActiveCfg = Release|Any CPU
		{37850AB3-AD1D-4B8E-BFA3-2E0FBAD5E28B}.Release|Any CPU.Build.0 = Release|Any CPU
	EndGlobalSection
	GlobalSection(SolutionProperties) = preSolution
		HideSolutionNode = FALSE
	EndGlobalSection
	GlobalSection(ExtensibilityGlobals) = postSolution
		SolutionGuid = {40C5B118-FA67-498C-A334-79A33FBD0BC6}
	EndGlobalSection
EndGlobal
